<?xml version="1.0" encoding="utf-8"?>
<Project ToolsVersion="4.0" xmlns="http://schemas.microsoft.com/developer/msbuild/2003">
  <ItemGroup>
    <Filter Include="리소스 파일">
      <UniqueIdentifier>{67DA6AB6-F800-4c08-8B7A-83BB121AAD01}</UniqueIdentifier>
      <Extensions>rc;ico;cur;bmp;dlg;rc2;rct;bin;rgs;gif;jpg;jpeg;jpe;resx;tiff;tif;png;wav;mfcribbon-ms</Extensions>
    </Filter>
    <Filter Include="02_Manager">
      <UniqueIdentifier>{13cc6bb1-77d9-4b68-9a12-67c1659db846}</UniqueIdentifier>
    </Filter>
    <Filter Include="03_Object">
      <UniqueIdentifier>{b9b569df-ff51-4607-b699-183a423f59ee}</UniqueIdentifier>
    </Filter>
    <Filter Include="01_Core">
      <UniqueIdentifier>{5a893d12-2ef2-4161-a1f7-f11488948aa4}</UniqueIdentifier>
    </Filter>
    <Filter Include="04_Scene">
      <UniqueIdentifier>{9c061bee-b397-4d89-9f2d-5667ff96ee2f}</UniqueIdentifier>
    </Filter>
    <Filter Include="07_Module">
      <UniqueIdentifier>{74699221-6460-4047-9153-e57fcd112dfa}</UniqueIdentifier>
    </Filter>
    <Filter Include="99_Headers">
      <UniqueIdentifier>{782b6b6b-8c32-430b-85a0-2ca92618190f}</UniqueIdentifier>
    </Filter>
    <Filter Include="07_Module\Command">
      <UniqueIdentifier>{c579a6f7-c145-44a2-b466-47562d9c05a4}</UniqueIdentifier>
    </Filter>
  </ItemGroup>
  <ItemGroup>
    <ClCompile Include="main.cpp">
      <Filter>01_Core</Filter>
    </ClCompile>
    <ClCompile Include="Snake.cpp">
      <Filter>03_Object</Filter>
    </ClCompile>
    <ClCompile Include="GameLogic.cpp">
      <Filter>01_Core</Filter>
    </ClCompile>
    <ClCompile Include="SceneManager.cpp">
      <Filter>02_Manager</Filter>
    </ClCompile>
    <ClCompile Include="Actor.cpp">
      <Filter>03_Object</Filter>
    </ClCompile>
    <ClCompile Include="Map.cpp">
      <Filter>03_Object</Filter>
    </ClCompile>
    <ClCompile Include="Console.cpp">
      <Filter>07_Module</Filter>
    </ClCompile>
    <ClCompile Include="ICommand.cpp">
      <Filter>07_Module\Command</Filter>
    </ClCompile>
    <ClCompile Include="InputHandler.cpp">
      <Filter>07_Module\Command</Filter>
    </ClCompile>
    <ClCompile Include="MoveCommand.cpp">
      <Filter>07_Module\Command</Filter>
    </ClCompile>
    <ClCompile Include="GameScene.cpp">
      <Filter>04_Scene</Filter>
    </ClCompile>
    <ClCompile Include="Scene.cpp">
      <Filter>04_Scene</Filter>
    </ClCompile>
    <ClCompile Include="TitleScene.cpp">
      <Filter>04_Scene</Filter>
    </ClCompile>
  </ItemGroup>
  <ItemGroup>
    <ClInclude Include="Console.h">
      <Filter>07_Module</Filter>
    </ClInclude>
    <ClInclude Include="GameLogic.h">
      <Filter>01_Core</Filter>
    </ClInclude>
    <ClInclude Include="Map.h">
      <Filter>03_Object</Filter>
    </ClInclude>
    <ClInclude Include="Actor.h">
      <Filter>03_Object</Filter>
    </ClInclude>
    <ClInclude Include="GameScene.h">
      <Filter>04_Scene</Filter>
    </ClInclude>
    <ClInclude Include="Scene.h">
      <Filter>04_Scene</Filter>
    </ClInclude>
    <ClInclude Include="Snake.h">
      <Filter>03_Object</Filter>
    </ClInclude>
    <ClInclude Include="SceneManager.h">
      <Filter>02_Manager</Filter>
    </ClInclude>
    <ClInclude Include="ICommand.h">
      <Filter>07_Module\Command</Filter>
    </ClInclude>
    <ClInclude Include="InputHandler.h">
      <Filter>07_Module\Command</Filter>
    </ClInclude>
    <ClInclude Include="MoveCommand.h">
      <Filter>07_Module\Command</Filter>
    </ClInclude>
    <ClInclude Include="Enums.h">
      <Filter>99_Headers</Filter>
    </ClInclude>
    <ClInclude Include="TitleScene.h">
      <Filter>04_Scene</Filter>
    </ClInclude>
  </ItemGroup>
</Project>